
Microsoft Visual Studio Solution File, Format Version 12.00
# Visual Studio Version 16
VisualStudioVersion = 16.0.30011.22
MinimumVisualStudioVersion = 10.0.40219.1
Project("{9A19103F-16F7-4668-BE54-9A1E7A4F7556}") = "NextValidDate", "NextValidDate\NextValidDate.csproj", "{327B671D-A34E-4B39-BCC1-D5FDE8505E4D}"
EndProject
Project("{FAE04EC0-301F-11D3-BF4B-00C04F79EFBC}") = "QuickImage", "QuickImage\QuickImage.csproj", "{3A031B35-3040-4CBA-8C74-7A8C540E3F1C}"
EndProject
Global
	GlobalSection(SolutionConfigurationPlatforms) = preSolution
		Debug|Any CPU = Debug|Any CPU
		Release|Any CPU = Release|Any CPU
	EndGlobalSection
	GlobalSection(ProjectConfigurationPlatforms) = postSolution
		{327B671D-A34E-4B39-BCC1-D5FDE8505E4D}.Debug|Any CPU.ActiveCfg = Debug|Any CPU
		{327B671D-A34E-4B39-BCC1-D5FDE8505E4D}.Debug|Any CPU.Build.0 = Debug|Any CPU
		{327B671D-A34E-4B39-BCC1-D5FDE8505E4D}.Release|Any CPU.ActiveCfg = Release|Any CPU
		{327B671D-A34E-4B39-BCC1-D5FDE8505E4D}.Release|Any CPU.Build.0 = Release|Any CPU
		{3A031B35-3040-4CBA-8C74-7A8C540E3F1C}.Debug|Any CPU.ActiveCfg = Debug|Any CPU
		{3A031B35-3040-4CBA-8C74-7A8C540E3F1C}.Debug|Any CPU.Build.0 = Debug|Any CPU
		{3A031B35-3040-4CBA-8C74-7A8C540E3F1C}.Release|Any CPU.ActiveCfg = Release|Any CPU
		{3A031B35-3040-4CBA-8C74-7A8C540E3F1C}.Release|Any CPU.Build.0 = Release|Any CPU
	EndGlobalSection
	GlobalSection(SolutionProperties) = preSolution
		HideSolutionNode = FALSE
	EndGlobalSection
	GlobalSection(ExtensibilityGlobals) = postSolution
		SolutionGuid = {B236DF61-DE45-4E50-86BD-836C54D53A19}
	EndGlobalSection
EndGlobal
