
Microsoft Visual Studio Solution File, Format Version 12.00
# Visual Studio Version 16
VisualStudioVersion = 16.0.30204.135
MinimumVisualStudioVersion = 10.0.40219.1
Project("{FAE04EC0-301F-11D3-BF4B-00C04F79EFBC}") = "Notepad", "Notepad\Notepad.csproj", "{29DC8F5E-739F-4A02-BD0D-1D880B88E1F4}"
EndProject
Global
	GlobalSection(SolutionConfigurationPlatforms) = preSolution
		Debug|Any CPU = Debug|Any CPU
		Release|Any CPU = Release|Any CPU
	EndGlobalSection
	GlobalSection(ProjectConfigurationPlatforms) = postSolution
		{29DC8F5E-739F-4A02-BD0D-1D880B88E1F4}.Debug|Any CPU.ActiveCfg = Debug|Any CPU
		{29DC8F5E-739F-4A02-BD0D-1D880B88E1F4}.Debug|Any CPU.Build.0 = Debug|Any CPU
		{29DC8F5E-739F-4A02-BD0D-1D880B88E1F4}.Release|Any CPU.ActiveCfg = Release|Any CPU
		{29DC8F5E-739F-4A02-BD0D-1D880B88E1F4}.Release|Any CPU.Build.0 = Release|Any CPU
	EndGlobalSection
	GlobalSection(SolutionProperties) = preSolution
		HideSolutionNode = FALSE
	EndGlobalSection
	GlobalSection(ExtensibilityGlobals) = postSolution
		SolutionGuid = {3EA5324F-52DC-46F5-928C-8F5601127788}
	EndGlobalSection
EndGlobal
